
Microsoft Visual Studio Solution File, Format Version 12.00
# Visual Studio Version 16
VisualStudioVersion = 16.0.32602.291
MinimumVisualStudioVersion = 10.0.40219.1
Project("{FAE04EC0-301F-11D3-BF4B-00C04F79EFBC}") = "Game", "Game.csproj", "{EE02554C-BC02-4A3E-B4E0-989C17E3F029}"
EndProject
Global
	GlobalSection(SolutionConfigurationPlatforms) = preSolution
		Debug|Any CPU = Debug|Any CPU
		Release|Any CPU = Release|Any CPU
	EndGlobalSection
	GlobalSection(ProjectConfigurationPlatforms) = postSolution
		{EE02554C-BC02-4A3E-B4E0-989C17E3F029}.Debug|Any CPU.ActiveCfg = Debug|Any CPU
		{EE02554C-BC02-4A3E-B4E0-989C17E3F029}.Debug|Any CPU.Build.0 = Debug|Any CPU
		{EE02554C-BC02-4A3E-B4E0-989C17E3F029}.Release|Any CPU.ActiveCfg = Release|Any CPU
		{EE02554C-BC02-4A3E-B4E0-989C17E3F029}.Release|Any CPU.Build.0 = Release|Any CPU
	EndGlobalSection
	GlobalSection(SolutionProperties) = preSolution
		HideSolutionNode = FALSE
	EndGlobalSection
	GlobalSection(ExtensibilityGlobals) = postSolution
		SolutionGuid = {298FD767-BA92-4446-A22E-02AAA447429F}
	EndGlobalSection
EndGlobal
